
Microsoft Visual Studio Solution File, Format Version 12.00
# Visual Studio Version 17
VisualStudioVersion = 17.5.33516.290
MinimumVisualStudioVersion = 10.0.40219.1
Project("{FAE04EC0-301F-11D3-BF4B-00C04F79EFBC}") = "exercise2", "exercise2\exercise2.csproj", "{10464B8E-E57F-4E58-83E0-2D7A999D77B6}"
EndProject
Global
	GlobalSection(SolutionConfigurationPlatforms) = preSolution
		Debug|Any CPU = Debug|Any CPU
		Release|Any CPU = Release|Any CPU
	EndGlobalSection
	GlobalSection(ProjectConfigurationPlatforms) = postSolution
		{10464B8E-E57F-4E58-83E0-2D7A999D77B6}.Debug|Any CPU.ActiveCfg = Debug|Any CPU
		{10464B8E-E57F-4E58-83E0-2D7A999D77B6}.Debug|Any CPU.Build.0 = Debug|Any CPU
		{10464B8E-E57F-4E58-83E0-2D7A999D77B6}.Release|Any CPU.ActiveCfg = Release|Any CPU
		{10464B8E-E57F-4E58-83E0-2D7A999D77B6}.Release|Any CPU.Build.0 = Release|Any CPU
	EndGlobalSection
	GlobalSection(SolutionProperties) = preSolution
		HideSolutionNode = FALSE
	EndGlobalSection
	GlobalSection(ExtensibilityGlobals) = postSolution
		SolutionGuid = {24F4CF72-9EDF-443A-8EFF-DE99228EF04B}
	EndGlobalSection
EndGlobal
